
Microsoft Visual Studio Solution File, Format Version 12.00
# Visual Studio Version 17
VisualStudioVersion = 17.4.33205.214
MinimumVisualStudioVersion = 10.0.40219.1
Project("{9A19103F-16F7-4668-BE54-9A1E7A4F7556}") = "Sparky", "Sparky\Sparky.csproj", "{76E42C90-7FB6-4310-908C-7F56E0C734BA}"
EndProject
Project("{9A19103F-16F7-4668-BE54-9A1E7A4F7556}") = "SparkyMSTest", "SparkyMSTest\SparkyMSTest.csproj", "{E2988062-C1BC-4D01-BB62-AE1C10CF6ED4}"
EndProject
Project("{9A19103F-16F7-4668-BE54-9A1E7A4F7556}") = "SparkyNunitTests", "SparkyNunitTests\SparkyNunitTests.csproj", "{37CBBB3F-4575-4729-8531-1E154E15D0CB}"
EndProject
Project("{2150E333-8FDC-42A3-9474-1A3956D46DE8}") = "Basic Foundation", "Basic Foundation", "{87474251-1957-4019-8519-39BE81ED056B}"
EndProject
Project("{2150E333-8FDC-42A3-9474-1A3956D46DE8}") = "BongoWeb", "BongoWeb", "{3C2B3838-51DC-4020-917F-D5B21C44D418}"
EndProject
Project("{9A19103F-16F7-4668-BE54-9A1E7A4F7556}") = "Bongo.Core", "Bongo_InitialSetup (.NET 6)\Bongo.Core\Bongo.Core.csproj", "{10D6C5A6-E05A-41AB-B230-AF86608712F9}"
EndProject
Project("{9A19103F-16F7-4668-BE54-9A1E7A4F7556}") = "Bongo.DataAccess", "Bongo_InitialSetup (.NET 6)\Bongo.DataAccess\Bongo.DataAccess.csproj", "{C49209C6-FE73-401D-8E13-3B1F161446BB}"
EndProject
Project("{9A19103F-16F7-4668-BE54-9A1E7A4F7556}") = "Bongo.Models", "Bongo_InitialSetup (.NET 6)\Bongo.Models\Bongo.Models.csproj", "{4F1F26BD-BE9D-4F74-9905-25A8401F3D1C}"
EndProject
Project("{9A19103F-16F7-4668-BE54-9A1E7A4F7556}") = "Bongo.Web", "Bongo_InitialSetup (.NET 6)\Bongo.Web\Bongo.Web.csproj", "{8B069135-D3A8-4AB4-8DFA-B6DA398F0926}"
EndProject
Project("{9A19103F-16F7-4668-BE54-9A1E7A4F7556}") = "Bongo.Models.Tests", "Bongo.Models.Tests\Bongo.Models.Tests.csproj", "{9A4717C4-2521-4A70-86BC-62E5EC627AE1}"
EndProject
Project("{9A19103F-16F7-4668-BE54-9A1E7A4F7556}") = "Bongo.DataAccess.Tests", "Bongo.DataAccess.Tests\Bongo.DataAccess.Tests.csproj", "{8513BA25-EE0D-4DE9-8FF0-598542C023D6}"
EndProject
Project("{FAE04EC0-301F-11D3-BF4B-00C04F79EFBC}") = "Bongo.Core.Tests", "Bongo.Core.Tests\Bongo.Core.Tests.csproj", "{3CB3960D-8520-4CC1-9CD3-76DFECDE9030}"
EndProject
Global
	GlobalSection(SolutionConfigurationPlatforms) = preSolution
		Debug|Any CPU = Debug|Any CPU
		Release|Any CPU = Release|Any CPU
	EndGlobalSection
	GlobalSection(ProjectConfigurationPlatforms) = postSolution
		{76E42C90-7FB6-4310-908C-7F56E0C734BA}.Debug|Any CPU.ActiveCfg = Debug|Any CPU
		{76E42C90-7FB6-4310-908C-7F56E0C734BA}.Debug|Any CPU.Build.0 = Debug|Any CPU
		{76E42C90-7FB6-4310-908C-7F56E0C734BA}.Release|Any CPU.ActiveCfg = Release|Any CPU
		{76E42C90-7FB6-4310-908C-7F56E0C734BA}.Release|Any CPU.Build.0 = Release|Any CPU
		{E2988062-C1BC-4D01-BB62-AE1C10CF6ED4}.Debug|Any CPU.ActiveCfg = Debug|Any CPU
		{E2988062-C1BC-4D01-BB62-AE1C10CF6ED4}.Debug|Any CPU.Build.0 = Debug|Any CPU
		{E2988062-C1BC-4D01-BB62-AE1C10CF6ED4}.Release|Any CPU.ActiveCfg = Release|Any CPU
		{E2988062-C1BC-4D01-BB62-AE1C10CF6ED4}.Release|Any CPU.Build.0 = Release|Any CPU
		{37CBBB3F-4575-4729-8531-1E154E15D0CB}.Debug|Any CPU.ActiveCfg = Debug|Any CPU
		{37CBBB3F-4575-4729-8531-1E154E15D0CB}.Debug|Any CPU.Build.0 = Debug|Any CPU
		{37CBBB3F-4575-4729-8531-1E154E15D0CB}.Release|Any CPU.ActiveCfg = Release|Any CPU
		{37CBBB3F-4575-4729-8531-1E154E15D0CB}.Release|Any CPU.Build.0 = Release|Any CPU
		{10D6C5A6-E05A-41AB-B230-AF86608712F9}.Debug|Any CPU.ActiveCfg = Debug|Any CPU
		{10D6C5A6-E05A-41AB-B230-AF86608712F9}.Debug|Any CPU.Build.0 = Debug|Any CPU
		{10D6C5A6-E05A-41AB-B230-AF86608712F9}.Release|Any CPU.ActiveCfg = Release|Any CPU
		{10D6C5A6-E05A-41AB-B230-AF86608712F9}.Release|Any CPU.Build.0 = Release|Any CPU
		{C49209C6-FE73-401D-8E13-3B1F161446BB}.Debug|Any CPU.ActiveCfg = Debug|Any CPU
		{C49209C6-FE73-401D-8E13-3B1F161446BB}.Debug|Any CPU.Build.0 = Debug|Any CPU
		{C49209C6-FE73-401D-8E13-3B1F161446BB}.Release|Any CPU.ActiveCfg = Release|Any CPU
		{C49209C6-FE73-401D-8E13-3B1F161446BB}.Release|Any CPU.Build.0 = Release|Any CPU
		{4F1F26BD-BE9D-4F74-9905-25A8401F3D1C}.Debug|Any CPU.ActiveCfg = Debug|Any CPU
		{4F1F26BD-BE9D-4F74-9905-25A8401F3D1C}.Debug|Any CPU.Build.0 = Debug|Any CPU
		{4F1F26BD-BE9D-4F74-9905-25A8401F3D1C}.Release|Any CPU.ActiveCfg = Release|Any CPU
		{4F1F26BD-BE9D-4F74-9905-25A8401F3D1C}.Release|Any CPU.Build.0 = Release|Any CPU
		{8B069135-D3A8-4AB4-8DFA-B6DA398F0926}.Debug|Any CPU.ActiveCfg = Debug|Any CPU
		{8B069135-D3A8-4AB4-8DFA-B6DA398F0926}.Debug|Any CPU.Build.0 = Debug|Any CPU
		{8B069135-D3A8-4AB4-8DFA-B6DA398F0926}.Release|Any CPU.ActiveCfg = Release|Any CPU
		{8B069135-D3A8-4AB4-8DFA-B6DA398F0926}.Release|Any CPU.Build.0 = Release|Any CPU
		{9A4717C4-2521-4A70-86BC-62E5EC627AE1}.Debug|Any CPU.ActiveCfg = Debug|Any CPU
		{9A4717C4-2521-4A70-86BC-62E5EC627AE1}.Debug|Any CPU.Build.0 = Debug|Any CPU
		{9A4717C4-2521-4A70-86BC-62E5EC627AE1}.Release|Any CPU.ActiveCfg = Release|Any CPU
		{9A4717C4-2521-4A70-86BC-62E5EC627AE1}.Release|Any CPU.Build.0 = Release|Any CPU
		{8513BA25-EE0D-4DE9-8FF0-598542C023D6}.Debug|Any CPU.ActiveCfg = Debug|Any CPU
		{8513BA25-EE0D-4DE9-8FF0-598542C023D6}.Debug|Any CPU.Build.0 = Debug|Any CPU
		{8513BA25-EE0D-4DE9-8FF0-598542C023D6}.Release|Any CPU.ActiveCfg = Release|Any CPU
		{8513BA25-EE0D-4DE9-8FF0-598542C023D6}.Release|Any CPU.Build.0 = Release|Any CPU
		{3CB3960D-8520-4CC1-9CD3-76DFECDE9030}.Debug|Any CPU.ActiveCfg = Debug|Any CPU
		{3CB3960D-8520-4CC1-9CD3-76DFECDE9030}.Debug|Any CPU.Build.0 = Debug|Any CPU
		{3CB3960D-8520-4CC1-9CD3-76DFECDE9030}.Release|Any CPU.ActiveCfg = Release|Any CPU
		{3CB3960D-8520-4CC1-9CD3-76DFECDE9030}.Release|Any CPU.Build.0 = Release|Any CPU
	EndGlobalSection
	GlobalSection(SolutionProperties) = preSolution
		HideSolutionNode = FALSE
	EndGlobalSection
	GlobalSection(NestedProjects) = preSolution
		{76E42C90-7FB6-4310-908C-7F56E0C734BA} = {87474251-1957-4019-8519-39BE81ED056B}
		{E2988062-C1BC-4D01-BB62-AE1C10CF6ED4} = {87474251-1957-4019-8519-39BE81ED056B}
		{37CBBB3F-4575-4729-8531-1E154E15D0CB} = {87474251-1957-4019-8519-39BE81ED056B}
		{10D6C5A6-E05A-41AB-B230-AF86608712F9} = {3C2B3838-51DC-4020-917F-D5B21C44D418}
		{C49209C6-FE73-401D-8E13-3B1F161446BB} = {3C2B3838-51DC-4020-917F-D5B21C44D418}
		{4F1F26BD-BE9D-4F74-9905-25A8401F3D1C} = {3C2B3838-51DC-4020-917F-D5B21C44D418}
		{8B069135-D3A8-4AB4-8DFA-B6DA398F0926} = {3C2B3838-51DC-4020-917F-D5B21C44D418}
		{9A4717C4-2521-4A70-86BC-62E5EC627AE1} = {3C2B3838-51DC-4020-917F-D5B21C44D418}
		{8513BA25-EE0D-4DE9-8FF0-598542C023D6} = {3C2B3838-51DC-4020-917F-D5B21C44D418}
		{3CB3960D-8520-4CC1-9CD3-76DFECDE9030} = {3C2B3838-51DC-4020-917F-D5B21C44D418}
	EndGlobalSection
	GlobalSection(ExtensibilityGlobals) = postSolution
		SolutionGuid = {0AB3C07C-8B1A-41B0-A793-E33CD58CDE33}
	EndGlobalSection
EndGlobal
